
Microsoft Visual Studio Solution File, Format Version 12.00
# Visual Studio Version 17
VisualStudioVersion = 17.8.34408.163
MinimumVisualStudioVersion = 10.0.40219.1
Project("{FAE04EC0-301F-11D3-BF4B-00C04F79EFBC}") = "HTMLScraper", "HTMLScraper.csproj", "{E3FBE786-4B49-42D6-B0F7-457F13A5B769}"
EndProject
Global
	GlobalSection(SolutionConfigurationPlatforms) = preSolution
		Debug|Any CPU = Debug|Any CPU
		Release|Any CPU = Release|Any CPU
	EndGlobalSection
	GlobalSection(ProjectConfigurationPlatforms) = postSolution
		{E3FBE786-4B49-42D6-B0F7-457F13A5B769}.Debug|Any CPU.ActiveCfg = Debug|Any CPU
		{E3FBE786-4B49-42D6-B0F7-457F13A5B769}.Debug|Any CPU.Build.0 = Debug|Any CPU
		{E3FBE786-4B49-42D6-B0F7-457F13A5B769}.Release|Any CPU.ActiveCfg = Release|Any CPU
		{E3FBE786-4B49-42D6-B0F7-457F13A5B769}.Release|Any CPU.Build.0 = Release|Any CPU
	EndGlobalSection
	GlobalSection(SolutionProperties) = preSolution
		HideSolutionNode = FALSE
	EndGlobalSection
	GlobalSection(ExtensibilityGlobals) = postSolution
		SolutionGuid = {1F431BD1-B4FC-4E05-8BD4-3425F5F0CA7D}
	EndGlobalSection
EndGlobal
